<?xml version="1.0" encoding="utf-8"?>
<Project ToolsVersion="4.0" xmlns="http://schemas.microsoft.com/developer/msbuild/2003">
  <ItemGroup>
    <Filter Include="Resource Files">
      <UniqueIdentifier>{1a913106-0be0-4476-b0ce-2aa855072614}</UniqueIdentifier>
      <Extensions>ico;cur;bmp;dlg;rc2;rct;bin;cnt;rtf;gif;jpg;jpeg;jpe</Extensions>
    </Filter>
    <Filter Include="MFC">
      <UniqueIdentifier>{da904ee8-7f59-4a6c-b3ff-b91b6fb6d0ea}</UniqueIdentifier>
    </Filter>
    <Filter Include="GameLibrary">
      <UniqueIdentifier>{df7aa532-3fdf-46a0-b3fc-8f5922e8d9e4}</UniqueIdentifier>
    </Filter>
    <Filter Include="MyGame">
      <UniqueIdentifier>{0c798913-b7d2-4e26-8241-0f83266cd626}</UniqueIdentifier>
    </Filter>
  </ItemGroup>
  <ItemGroup>
    <None Include="Res\ball.bmp">
      <Filter>Resource Files</Filter>
    </None>
    <None Include="RES\bmp0.bmp">
      <Filter>Resource Files</Filter>
    </None>
    <None Include="RES\bmp1.bmp">
      <Filter>Resource Files</Filter>
    </None>
    <None Include="RES\bmp10.bmp">
      <Filter>Resource Files</Filter>
    </None>
    <None Include="RES\bmp2.bmp">
      <Filter>Resource Files</Filter>
    </None>
    <None Include="RES\bmp3.bmp">
      <Filter>Resource Files</Filter>
    </None>
    <None Include="RES\bmp4.bmp">
      <Filter>Resource Files</Filter>
    </None>
    <None Include="RES\bmp5.bmp">
      <Filter>Resource Files</Filter>
    </None>
    <None Include="RES\bmp6.bmp">
      <Filter>Resource Files</Filter>
    </None>
    <None Include="RES\bmp7.bmp">
      <Filter>Resource Files</Filter>
    </None>
    <None Include="RES\bmp8.bmp">
      <Filter>Resource Files</Filter>
    </None>
    <None Include="RES\bmp9.bmp">
      <Filter>Resource Files</Filter>
    </None>
    <None Include="RES\center.bmp">
      <Filter>Resource Files</Filter>
    </None>
    <None Include="RES\continue.bmp">
      <Filter>Resource Files</Filter>
    </None>
    <None Include="Res\corner.bmp">
      <Filter>Resource Files</Filter>
    </None>
    <None Include="RES\eraser1.bmp">
      <Filter>Resource Files</Filter>
    </None>
    <None Include="RES\eraser2.bmp">
      <Filter>Resource Files</Filter>
    </None>
    <None Include="RES\eraser3.bmp">
      <Filter>Resource Files</Filter>
    </None>
    <None Include="res\game.ico">
      <Filter>Resource Files</Filter>
    </None>
    <None Include="res\game.rc2">
      <Filter>Resource Files</Filter>
    </None>
    <None Include="RES\gamecurs.cur">
      <Filter>Resource Files</Filter>
    </None>
    <None Include="res\gameDoc.ico">
      <Filter>Resource Files</Filter>
    </None>
    <None Include="RES\help.bmp">
      <Filter>Resource Files</Filter>
    </None>
    <None Include="RES\loading.bmp">
      <Filter>Resource Files</Filter>
    </None>
    <None Include="RES\ntutcsie.bmp">
      <Filter>Resource Files</Filter>
    </None>
    <None Include="res\Toolbar.bmp">
      <Filter>Resource Files</Filter>
    </None>
  </ItemGroup>
  <ItemGroup>
    <ClCompile Include="Source\audio.cpp">
      <Filter>GameLibrary</Filter>
    </ClCompile>
    <ClCompile Include="Source\game.cpp">
      <Filter>MFC</Filter>
    </ClCompile>
    <ClCompile Include="Source\gameDoc.cpp">
      <Filter>MFC</Filter>
    </ClCompile>
    <ClCompile Include="Source\gamelib.cpp">
      <Filter>GameLibrary</Filter>
    </ClCompile>
    <ClCompile Include="Source\gameView.cpp">
      <Filter>MFC</Filter>
    </ClCompile>
    <ClCompile Include="Source\MainFrm.cpp">
      <Filter>MFC</Filter>
    </ClCompile>
    <ClCompile Include="Source\StdAfx.cpp">
      <Filter>MFC</Filter>
    </ClCompile>
    <ClCompile Include="Source\mygame.cpp">
      <Filter>MyGame</Filter>
    </ClCompile>
    <ClCompile Include="Source\CEraser.cpp">
      <Filter>MyGame</Filter>
    </ClCompile>
    <ClCompile Include="Source\CBall.cpp">
      <Filter>MyGame</Filter>
    </ClCompile>
    <ClCompile Include="Source\CBouncingBall.cpp">
      <Filter>MyGame</Filter>
    </ClCompile>
  </ItemGroup>
  <ItemGroup>
    <ClInclude Include="Source\audio.h">
      <Filter>GameLibrary</Filter>
    </ClInclude>
    <ClInclude Include="Source\game.h">
      <Filter>MFC</Filter>
    </ClInclude>
    <ClInclude Include="Source\gameDoc.h">
      <Filter>MFC</Filter>
    </ClInclude>
    <ClInclude Include="Source\gamelib.h">
      <Filter>GameLibrary</Filter>
    </ClInclude>
    <ClInclude Include="Source\gameView.h">
      <Filter>MFC</Filter>
    </ClInclude>
    <ClInclude Include="Source\MainFrm.h">
      <Filter>MFC</Filter>
    </ClInclude>
    <ClInclude Include="Source\Resource.h">
      <Filter>MFC</Filter>
    </ClInclude>
    <ClInclude Include="Source\StdAfx.h">
      <Filter>MFC</Filter>
    </ClInclude>
    <ClInclude Include="Source\mygame.h">
      <Filter>MyGame</Filter>
    </ClInclude>
    <ClInclude Include="Source\CEraser.h">
      <Filter>MyGame</Filter>
    </ClInclude>
    <ClInclude Include="Source\CBall.h">
      <Filter>MyGame</Filter>
    </ClInclude>
    <ClInclude Include="Source\CBouncingBall.h">
      <Filter>MyGame</Filter>
    </ClInclude>
  </ItemGroup>
  <ItemGroup>
    <ResourceCompile Include="Source\game.rc">
      <Filter>MFC</Filter>
    </ResourceCompile>
  </ItemGroup>
  <ItemGroup>
    <Image Include="..\..\bmpSrc\angel-sheet0.bmp">
      <Filter>Resource Files</Filter>
    </Image>
    <Image Include="..\..\bmpSrc\bk1.bmp">
      <Filter>Resource Files</Filter>
    </Image>
    <Image Include="..\..\bmpSrc\bk2.bmp">
      <Filter>Resource Files</Filter>
    </Image>
    <Image Include="..\..\bmpSrc\bk3.bmp">
      <Filter>Resource Files</Filter>
    </Image>
    <Image Include="..\..\bmpSrc\bk4.bmp">
      <Filter>Resource Files</Filter>
    </Image>
    <Image Include="..\..\bmpSrc\bridge-sheet0.bmp">
      <Filter>Resource Files</Filter>
    </Image>
    <Image Include="..\..\bmpSrc\coinsfont.bmp">
      <Filter>Resource Files</Filter>
    </Image>
    <Image Include="..\..\bmpSrc\dummy2-sheet0.bmp">
      <Filter>Resource Files</Filter>
    </Image>
    <Image Include="..\..\bmpSrc\dummy2-sheet1.bmp">
      <Filter>Resource Files</Filter>
    </Image>
    <Image Include="..\..\bmpSrc\dummy-sheet0.bmp">
      <Filter>Resource Files</Filter>
    </Image>
    <Image Include="..\..\bmpSrc\dummy-sheet1.bmp">
      <Filter>Resource Files</Filter>
    </Image>
    <Image Include="..\..\bmpSrc\espada-sheet0.bmp">
      <Filter>Resource Files</Filter>
    </Image>
    <Image Include="..\..\bmpSrc\loading-logo.bmp">
      <Filter>Resource Files</Filter>
    </Image>
    <Image Include="..\..\bmpSrc\lstart-sheet0.bmp">
      <Filter>Resource Files</Filter>
    </Image>
    <Image Include="..\..\bmpSrc\menulightflare-sheet0.bmp">
      <Filter>Resource Files</Filter>
    </Image>
    <Image Include="..\..\bmpSrc\particles8.bmp">
      <Filter>Resource Files</Filter>
    </Image>
    <Image Include="..\..\bmpSrc\particles9.bmp">
      <Filter>Resource Files</Filter>
    </Image>
    <Image Include="..\..\bmpSrc\player-sheet0.bmp">
      <Filter>Resource Files</Filter>
    </Image>
    <Image Include="..\..\bmpSrc\player-sheet1.bmp">
      <Filter>Resource Files</Filter>
    </Image>
    <Image Include="..\..\bmpSrc\player-sheet2.bmp">
      <Filter>Resource Files</Filter>
    </Image>
    <Image Include="..\..\bmpSrc\precio1-sheet0.bmp">
      <Filter>Resource Files</Filter>
    </Image>
    <Image Include="..\..\bmpSrc\precio2-sheet0.bmp">
      <Filter>Resource Files</Filter>
    </Image>
    <Image Include="..\..\bmpSrc\precio3-sheet0.bmp">
      <Filter>Resource Files</Filter>
    </Image>
    <Image Include="..\..\bmpSrc\precio4-sheet0.bmp">
      <Filter>Resource Files</Filter>
    </Image>
    <Image Include="..\..\bmpSrc\precio5-sheet0.bmp">
      <Filter>Resource Files</Filter>
    </Image>
    <Image Include="..\..\bmpSrc\projectile-sheet0.bmp">
      <Filter>Resource Files</Filter>
    </Image>
    <Image Include="..\..\bmpSrc\ring2-sheet0.bmp">
      <Filter>Resource Files</Filter>
    </Image>
    <Image Include="..\..\bmpSrc\ring-sheet0.bmp">
      <Filter>Resource Files</Filter>
    </Image>
    <Image Include="..\..\bmpSrc\ship-sheet0.bmp">
      <Filter>Resource Files</Filter>
    </Image>
    <Image Include="..\..\bmpSrc\shuri-sheet0.bmp">
      <Filter>Resource Files</Filter>
    </Image>
    <Image Include="..\..\bmpSrc\sprite9-sheet0.bmp">
      <Filter>Resource Files</Filter>
    </Image>
    <Image Include="..\..\bmpSrc\sprite11-sheet0.bmp">
      <Filter>Resource Files</Filter>
    </Image>
    <Image Include="..\..\bmpSrc\sprite15-sheet0.bmp">
      <Filter>Resource Files</Filter>
    </Image>
    <Image Include="..\..\bmpSrc\sprite25-sheet0.bmp">
      <Filter>Resource Files</Filter>
    </Image>
    <Image Include="..\..\bmpSrc\sprite28-sheet0.bmp">
      <Filter>Resource Files</Filter>
    </Image>
    <Image Include="..\..\bmpSrc\sprite29-sheet0.bmp">
      <Filter>Resource Files</Filter>
    </Image>
    <Image Include="..\..\bmpSrc\sprite33-sheet0.bmp">
      <Filter>Resource Files</Filter>
    </Image>
    <Image Include="..\..\bmpSrc\sprite33-sheet1.bmp">
      <Filter>Resource Files</Filter>
    </Image>
    <Image Include="..\..\bmpSrc\sprite42-sheet0.bmp">
      <Filter>Resource Files</Filter>
    </Image>
    <Image Include="..\..\bmpSrc\sprite44-sheet0.bmp">
      <Filter>Resource Files</Filter>
    </Image>
    <Image Include="..\..\bmpSrc\sprite48-sheet0.bmp">
      <Filter>Resource Files</Filter>
    </Image>
    <Image Include="..\..\bmpSrc\sprite49-sheet0.bmp">
      <Filter>Resource Files</Filter>
    </Image>
    <Image Include="..\..\bmpSrc\sprite50-sheet0.bmp">
      <Filter>Resource Files</Filter>
    </Image>
    <Image Include="..\..\bmpSrc\sprite51-sheet0.bmp">
      <Filter>Resource Files</Filter>
    </Image>
    <Image Include="..\..\bmpSrc\sprite60-sheet0.bmp">
      <Filter>Resource Files</Filter>
    </Image>
    <Image Include="..\..\bmpSrc\sprite61-sheet0.bmp">
      <Filter>Resource Files</Filter>
    </Image>
    <Image Include="..\..\bmpSrc\sprite62-sheet0.bmp">
      <Filter>Resource Files</Filter>
    </Image>
    <Image Include="..\..\bmpSrc\sprite63-sheet0.bmp">
      <Filter>Resource Files</Filter>
    </Image>
    <Image Include="..\..\bmpSrc\sprite67-sheet0.bmp">
      <Filter>Resource Files</Filter>
    </Image>
    <Image Include="..\..\bmpSrc\sprite68-sheet0.bmp">
      <Filter>Resource Files</Filter>
    </Image>
    <Image Include="..\..\bmpSrc\sprite85-sheet0.bmp">
      <Filter>Resource Files</Filter>
    </Image>
    <Image Include="..\..\bmpSrc\sprite92-sheet0.bmp">
      <Filter>Resource Files</Filter>
    </Image>
    <Image Include="..\..\bmpSrc\sprite92-sheet1.bmp">
      <Filter>Resource Files</Filter>
    </Image>
    <Image Include="..\..\bmpSrc\sprite96-sheet0.bmp">
      <Filter>Resource Files</Filter>
    </Image>
    <Image Include="..\..\bmpSrc\sprite97-sheet0.bmp">
      <Filter>Resource Files</Filter>
    </Image>
    <Image Include="..\..\bmpSrc\sprite98-sheet0.bmp">
      <Filter>Resource Files</Filter>
    </Image>
    <Image Include="..\..\bmpSrc\sprite109-sheet0.bmp">
      <Filter>Resource Files</Filter>
    </Image>
    <Image Include="..\..\bmpSrc\sprite116-sheet0.bmp">
      <Filter>Resource Files</Filter>
    </Image>
    <Image Include="..\..\bmpSrc\sprite126-sheet0.bmp">
      <Filter>Resource Files</Filter>
    </Image>
    <Image Include="..\..\bmpSrc\sprite139-sheet0.bmp">
      <Filter>Resource Files</Filter>
    </Image>
    <Image Include="..\..\bmpSrc\sprite144-sheet0.bmp">
      <Filter>Resource Files</Filter>
    </Image>
    <Image Include="..\..\bmpSrc\sprite145-sheet0.bmp">
      <Filter>Resource Files</Filter>
    </Image>
    <Image Include="..\..\bmpSrc\sprite149-sheet0.bmp">
      <Filter>Resource Files</Filter>
    </Image>
    <Image Include="..\..\bmpSrc\sprite150-sheet0.bmp">
      <Filter>Resource Files</Filter>
    </Image>
    <Image Include="..\..\bmpSrc\sprite153-sheet0.bmp">
      <Filter>Resource Files</Filter>
    </Image>
    <Image Include="..\..\bmpSrc\sprite154-sheet0.bmp">
      <Filter>Resource Files</Filter>
    </Image>
    <Image Include="..\..\bmpSrc\sprite155-sheet0.bmp">
      <Filter>Resource Files</Filter>
    </Image>
    <Image Include="..\..\bmpSrc\sprite156-sheet0.bmp">
      <Filter>Resource Files</Filter>
    </Image>
    <Image Include="..\..\bmpSrc\sprite157-sheet0.bmp">
      <Filter>Resource Files</Filter>
    </Image>
    <Image Include="..\..\bmpSrc\sprite158-sheet0.bmp">
      <Filter>Resource Files</Filter>
    </Image>
    <Image Include="..\..\bmpSrc\sprite159-sheet0.bmp">
      <Filter>Resource Files</Filter>
    </Image>
    <Image Include="..\..\bmpSrc\sprite160-sheet0.bmp">
      <Filter>Resource Files</Filter>
    </Image>
    <Image Include="..\..\bmpSrc\sprite161-sheet0.bmp">
      <Filter>Resource Files</Filter>
    </Image>
    <Image Include="..\..\bmpSrc\sprite162-sheet0.bmp">
      <Filter>Resource Files</Filter>
    </Image>
    <Image Include="..\..\bmpSrc\sprite163-sheet0.bmp">
      <Filter>Resource Files</Filter>
    </Image>
    <Image Include="..\..\bmpSrc\sprite164-sheet0.bmp">
      <Filter>Resource Files</Filter>
    </Image>
    <Image Include="..\..\bmpSrc\sprite170-sheet0.bmp">
      <Filter>Resource Files</Filter>
    </Image>
    <Image Include="..\..\bmpSrc\sprite171-sheet0.bmp">
      <Filter>Resource Files</Filter>
    </Image>
    <Image Include="..\..\bmpSrc\sprite172-sheet0.bmp">
      <Filter>Resource Files</Filter>
    </Image>
    <Image Include="..\..\bmpSrc\sprite173-sheet0.bmp">
      <Filter>Resource Files</Filter>
    </Image>
    <Image Include="..\..\bmpSrc\sprite176-sheet0.bmp">
      <Filter>Resource Files</Filter>
    </Image>
    <Image Include="..\..\bmpSrc\sprite178-sheet0.bmp">
      <Filter>Resource Files</Filter>
    </Image>
    <Image Include="..\..\bmpSrc\sprite179-sheet0.bmp">
      <Filter>Resource Files</Filter>
    </Image>
    <Image Include="..\..\bmpSrc\sprite180-sheet0.bmp">
      <Filter>Resource Files</Filter>
    </Image>
    <Image Include="..\..\bmpSrc\sprite181-sheet0.bmp">
      <Filter>Resource Files</Filter>
    </Image>
    <Image Include="..\..\bmpSrc\tiledbackground17.bmp">
      <Filter>Resource Files</Filter>
    </Image>
    <Image Include="..\..\bmpSrc\upgrade1-sheet0.bmp">
      <Filter>Resource Files</Filter>
    </Image>
    <Image Include="..\..\bmpSrc\upgrade2-sheet0.bmp">
      <Filter>Resource Files</Filter>
    </Image>
    <Image Include="..\..\bmpSrc\upgrade3-sheet0.bmp">
      <Filter>Resource Files</Filter>
    </Image>
    <Image Include="..\..\bmpSrc\upgrade4-sheet0.bmp">
      <Filter>Resource Files</Filter>
    </Image>
    <Image Include="..\..\bmpSrc\upgrade9-sheet0.bmp">
      <Filter>Resource Files</Filter>
    </Image>
    <Image Include="..\..\bmpSrc\upgrade10-sheet0.bmp">
      <Filter>Resource Files</Filter>
    </Image>
    <Image Include="..\..\running\1.bmp">
      <Filter>Resource Files</Filter>
    </Image>
    <Image Include="..\..\running\2.bmp">
      <Filter>Resource Files</Filter>
    </Image>
    <Image Include="..\..\running\3.bmp">
      <Filter>Resource Files</Filter>
    </Image>
    <Image Include="..\..\running\4.bmp">
      <Filter>Resource Files</Filter>
    </Image>
    <Image Include="..\..\running\5.bmp">
      <Filter>Resource Files</Filter>
    </Image>
    <Image Include="..\..\running\6.bmp">
      <Filter>Resource Files</Filter>
    </Image>
    <Image Include="..\..\running\7.bmp">
      <Filter>Resource Files</Filter>
    </Image>
    <Image Include="..\..\running\8.bmp">
      <Filter>Resource Files</Filter>
    </Image>
    <Image Include="..\..\running\9.bmp">
      <Filter>Resource Files</Filter>
    </Image>
    <Image Include="..\..\running\10.bmp">
      <Filter>Resource Files</Filter>
    </Image>
    <Image Include="..\..\running\11.bmp">
      <Filter>Resource Files</Filter>
    </Image>
    <Image Include="..\..\running\12.bmp">
      <Filter>Resource Files</Filter>
    </Image>
    <Image Include="..\..\running\13.bmp">
      <Filter>Resource Files</Filter>
    </Image>
    <Image Include="..\..\running\14.bmp">
      <Filter>Resource Files</Filter>
    </Image>
    <Image Include="..\..\running\15.bmp">
      <Filter>Resource Files</Filter>
    </Image>
    <Image Include="..\..\running\16.bmp">
      <Filter>Resource Files</Filter>
    </Image>
    <Image Include="..\..\running\17.bmp">
      <Filter>Resource Files</Filter>
    </Image>
    <Image Include="..\..\running\18.bmp">
      <Filter>Resource Files</Filter>
    </Image>
    <Image Include="..\..\running\19.bmp">
      <Filter>Resource Files</Filter>
    </Image>
    <Image Include="..\..\running\20.bmp">
      <Filter>Resource Files</Filter>
    </Image>
    <Image Include="..\..\running\21.bmp">
      <Filter>Resource Files</Filter>
    </Image>
    <Image Include="..\..\running\22.bmp">
      <Filter>Resource Files</Filter>
    </Image>
    <Image Include="..\..\running\23.bmp">
      <Filter>Resource Files</Filter>
    </Image>
    <Image Include="..\..\running\24.bmp">
      <Filter>Resource Files</Filter>
    </Image>
    <Image Include="..\..\running\25.bmp">
      <Filter>Resource Files</Filter>
    </Image>
    <Image Include="..\..\running\26.bmp">
      <Filter>Resource Files</Filter>
    </Image>
    <Image Include="..\..\running\27.bmp">
      <Filter>Resource Files</Filter>
    </Image>
    <Image Include="..\..\running\28.bmp">
      <Filter>Resource Files</Filter>
    </Image>
    <Image Include="..\..\running\29.bmp">
      <Filter>Resource Files</Filter>
    </Image>
    <Image Include="..\..\running\30.bmp">
      <Filter>Resource Files</Filter>
    </Image>
    <Image Include="..\..\running\31.bmp">
      <Filter>Resource Files</Filter>
    </Image>
    <Image Include="..\..\running\32.bmp">
      <Filter>Resource Files</Filter>
    </Image>
    <Image Include="..\..\running\33.bmp">
      <Filter>Resource Files</Filter>
    </Image>
    <Image Include="..\..\running\34.bmp">
      <Filter>Resource Files</Filter>
    </Image>
    <Image Include="..\..\running\35.bmp">
      <Filter>Resource Files</Filter>
    </Image>
    <Image Include="..\..\running\36.bmp">
      <Filter>Resource Files</Filter>
    </Image>
    <Image Include="..\..\running\37.bmp">
      <Filter>Resource Files</Filter>
    </Image>
    <Image Include="..\..\running\38.bmp">
      <Filter>Resource Files</Filter>
    </Image>
    <Image Include="..\..\running\39.bmp">
      <Filter>Resource Files</Filter>
    </Image>
    <Image Include="..\..\running\40.bmp">
      <Filter>Resource Files</Filter>
    </Image>
    <Image Include="..\..\running\41.bmp">
      <Filter>Resource Files</Filter>
    </Image>
    <Image Include="..\..\running\42.bmp">
      <Filter>Resource Files</Filter>
    </Image>
    <Image Include="..\..\running\43.bmp">
      <Filter>Resource Files</Filter>
    </Image>
    <Image Include="..\..\running\44.bmp">
      <Filter>Resource Files</Filter>
    </Image>
    <Image Include="..\..\running\45.bmp">
      <Filter>Resource Files</Filter>
    </Image>
    <Image Include="..\..\running\46.bmp">
      <Filter>Resource Files</Filter>
    </Image>
    <Image Include="..\..\running\47.bmp">
      <Filter>Resource Files</Filter>
    </Image>
    <Image Include="..\..\running\48.bmp">
      <Filter>Resource Files</Filter>
    </Image>
    <Image Include="..\..\running\49.bmp">
      <Filter>Resource Files</Filter>
    </Image>
    <Image Include="..\..\running\50.bmp">
      <Filter>Resource Files</Filter>
    </Image>
    <Image Include="..\..\running\51.bmp">
      <Filter>Resource Files</Filter>
    </Image>
    <Image Include="..\..\running\52.bmp">
      <Filter>Resource Files</Filter>
    </Image>
    <Image Include="..\..\running\53.bmp">
      <Filter>Resource Files</Filter>
    </Image>
    <Image Include="..\..\running\j1.bmp">
      <Filter>Resource Files</Filter>
    </Image>
    <Image Include="..\..\running\j2.bmp">
      <Filter>Resource Files</Filter>
    </Image>
    <Image Include="..\..\running\j3.bmp">
      <Filter>Resource Files</Filter>
    </Image>
    <Image Include="..\..\running\j4.bmp">
      <Filter>Resource Files</Filter>
    </Image>
    <Image Include="..\..\running\j5.bmp">
      <Filter>Resource Files</Filter>
    </Image>
    <Image Include="..\..\running\j6.bmp">
      <Filter>Resource Files</Filter>
    </Image>
    <Image Include="..\..\bmpsrc\bitmap15.bmp">
      <Filter>Resource Files</Filter>
    </Image>
    <Image Include="..\..\bmpSrc\revise2.bmp">
      <Filter>Resource Files</Filter>
    </Image>
    <Image Include="..\..\bmpsrc\bmp00001.bmp">
      <Filter>Resource Files</Filter>
    </Image>
    <Image Include="..\..\bmpSrc\frame.bmp">
      <Filter>Resource Files</Filter>
    </Image>
    <Image Include="RES\attack.bmp">
      <Filter>Resource Files</Filter>
    </Image>
    <Image Include="RES\Attach.bmp">
      <Filter>Resource Files</Filter>
    </Image>
    <Image Include="RES\ran1.bmp">
      <Filter>Resource Files</Filter>
    </Image>
    <Image Include="RES\background.bmp">
      <Filter>Resource Files</Filter>
    </Image>
  </ItemGroup>
</Project>